
Microsoft Visual Studio Solution File, Format Version 12.00
# Visual Studio Version 17
VisualStudioVersion = 17.11.35219.272
MinimumVisualStudioVersion = 10.0.40219.1
Project("{FAE04EC0-301F-11D3-BF4B-00C04F79EFBC}") = "Flyweight Pattern", "Flyweight Pattern.csproj", "{C69023D6-6C0D-47DF-BFC1-8E1658CB7EBC}"
EndProject
Global
	GlobalSection(SolutionConfigurationPlatforms) = preSolution
		Debug|Any CPU = Debug|Any CPU
		Release|Any CPU = Release|Any CPU
	EndGlobalSection
	GlobalSection(ProjectConfigurationPlatforms) = postSolution
		{C69023D6-6C0D-47DF-BFC1-8E1658CB7EBC}.Debug|Any CPU.ActiveCfg = Debug|Any CPU
		{C69023D6-6C0D-47DF-BFC1-8E1658CB7EBC}.Debug|Any CPU.Build.0 = Debug|Any CPU
		{C69023D6-6C0D-47DF-BFC1-8E1658CB7EBC}.Release|Any CPU.ActiveCfg = Release|Any CPU
		{C69023D6-6C0D-47DF-BFC1-8E1658CB7EBC}.Release|Any CPU.Build.0 = Release|Any CPU
	EndGlobalSection
	GlobalSection(SolutionProperties) = preSolution
		HideSolutionNode = FALSE
	EndGlobalSection
	GlobalSection(ExtensibilityGlobals) = postSolution
		SolutionGuid = {32C5586E-86C2-4D30-A607-8C342906D420}
	EndGlobalSection
EndGlobal
